// !$*UTF8*$!
{
	archiveVersion = 1;
	classes = {
	};
	objectVersion = 77;
	objects = {

/* Begin PBXBuildFile section */
		0ED043C1AE70CA6A97CCBC2B /* PreferencesView.swift in Sources */ = {isa = PBXBuildFile; fileRef = 2B5F5E26723758C26FEEB608 /* PreferencesView.swift */; };
		28D2156F123B8C4F5D2521FD /* main.swift in Sources */ = {isa = PBXBuildFile; fileRef = EE7449A0D22B31B9D1FF6CB5 /* main.swift */; };
		60E4A31756326D7F8B4FED99 /* ScreenUtils.swift in Sources */ = {isa = PBXBuildFile; fileRef = 49FED16EEEF017D2A58420C2 /* ScreenUtils.swift */; };
		9BA398FF6FE55F97D156D7CB /* Assets.xcassets in Resources */ = {isa = PBXBuildFile; fileRef = 026B2CD1C170EE3B31B678F4 /* Assets.xcassets */; };
		9E19A21FCA93C37FB92B178D /* WindowMover.swift in Sources */ = {isa = PBXBuildFile; fileRef = 2371D316AA7366416CD7F48D /* WindowMover.swift */; };
		C6684D355943FBA08DA4277A /* PreferencesWindowController.swift in Sources */ = {isa = PBXBuildFile; fileRef = 5B6C44EC2C236C70735A88E9 /* PreferencesWindowController.swift */; };
		C6F6DD8804B0209EB0E7558E /* HotKeyManager.swift in Sources */ = {isa = PBXBuildFile; fileRef = 4D5B399648E44D15E24844DA /* HotKeyManager.swift */; };
		DFEAF51E75DF2CDD359BFB21 /* AppDelegate.swift in Sources */ = {isa = PBXBuildFile; fileRef = 4A6AB5B62502453F06803D35 /* AppDelegate.swift */; };
/* End PBXBuildFile section */

/* Begin PBXFileReference section */
		026B2CD1C170EE3B31B678F4 /* Assets.xcassets */ = {isa = PBXFileReference; lastKnownFileType = folder.assetcatalog; path = Assets.xcassets; sourceTree = "<group>"; };
		2371D316AA7366416CD7F48D /* WindowMover.swift */ = {isa = PBXFileReference; lastKnownFileType = sourcecode.swift; path = WindowMover.swift; sourceTree = "<group>"; };
		2B5F5E26723758C26FEEB608 /* PreferencesView.swift */ = {isa = PBXFileReference; lastKnownFileType = sourcecode.swift; path = PreferencesView.swift; sourceTree = "<group>"; };
		49FED16EEEF017D2A58420C2 /* ScreenUtils.swift */ = {isa = PBXFileReference; lastKnownFileType = sourcecode.swift; path = ScreenUtils.swift; sourceTree = "<group>"; };
		4A6AB5B62502453F06803D35 /* AppDelegate.swift */ = {isa = PBXFileReference; lastKnownFileType = sourcecode.swift; path = AppDelegate.swift; sourceTree = "<group>"; };
		4D5B399648E44D15E24844DA /* HotKeyManager.swift */ = {isa = PBXFileReference; lastKnownFileType = sourcecode.swift; path = HotKeyManager.swift; sourceTree = "<group>"; };
		5B6C44EC2C236C70735A88E9 /* PreferencesWindowController.swift */ = {isa = PBXFileReference; lastKnownFileType = sourcecode.swift; path = PreferencesWindowController.swift; sourceTree = "<group>"; };
		EE7449A0D22B31B9D1FF6CB5 /* main.swift */ = {isa = PBXFileReference; lastKnownFileType = sourcecode.swift; path = main.swift; sourceTree = "<group>"; };
		F163D9AA957C82F978163B70 /* WindowManager.app */ = {isa = PBXFileReference; explicitFileType = wrapper.application; includeInIndex = 0; path = WindowManager.app; sourceTree = BUILT_PRODUCTS_DIR; };
/* End PBXFileReference section */

/* Begin PBXGroup section */
		140AC359E8728E638291707C /* Sources */ = {
			isa = PBXGroup;
			children = (
				8A796AAC1202C036DF1A1AC6 /* WindowManager */,
			);
			path = Sources;
			sourceTree = "<group>";
		};
		8A796AAC1202C036DF1A1AC6 /* WindowManager */ = {
			isa = PBXGroup;
			children = (
				4A6AB5B62502453F06803D35 /* AppDelegate.swift */,
				026B2CD1C170EE3B31B678F4 /* Assets.xcassets */,
				4D5B399648E44D15E24844DA /* HotKeyManager.swift */,
				EE7449A0D22B31B9D1FF6CB5 /* main.swift */,
				2B5F5E26723758C26FEEB608 /* PreferencesView.swift */,
				5B6C44EC2C236C70735A88E9 /* PreferencesWindowController.swift */,
				49FED16EEEF017D2A58420C2 /* ScreenUtils.swift */,
				2371D316AA7366416CD7F48D /* WindowMover.swift */,
			);
			path = WindowManager;
			sourceTree = "<group>";
		};
		D66816169BB8F336243C04A8 = {
			isa = PBXGroup;
			children = (
				140AC359E8728E638291707C /* Sources */,
				EA6A7E8FA5F86CA7ED6A46D3 /* Products */,
			);
			sourceTree = "<group>";
		};
		EA6A7E8FA5F86CA7ED6A46D3 /* Products */ = {
			isa = PBXGroup;
			children = (
				F163D9AA957C82F978163B70 /* WindowManager.app */,
			);
			name = Products;
			sourceTree = "<group>";
		};
/* End PBXGroup section */

/* Begin PBXNativeTarget section */
		A9176160CCF7A5A291824807 /* WindowManager */ = {
			isa = PBXNativeTarget;
			buildConfigurationList = 29A851A0AA0F3B41F207C54E /* Build configuration list for PBXNativeTarget "WindowManager" */;
			buildPhases = (
				945D25A25CE1444F44BA8745 /* Sources */,
				4A49509737EACF7DCF342AFC /* Resources */,
			);
			buildRules = (
			);
			dependencies = (
			);
			name = WindowManager;
			packageProductDependencies = (
			);
			productName = WindowManager;
			productReference = F163D9AA957C82F978163B70 /* WindowManager.app */;
			productType = "com.apple.product-type.application";
		};
/* End PBXNativeTarget section */

/* Begin PBXProject section */
		1AAE42E07B9E6D4319E66D9C /* Project object */ = {
			isa = PBXProject;
			attributes = {
				BuildIndependentTargetsInParallel = YES;
				LastUpgradeCheck = 1430;
				TargetAttributes = {
					A9176160CCF7A5A291824807 = {
						ProvisioningStyle = Manual;
					};
				};
			};
			buildConfigurationList = 85ECCEE592594254556CEE55 /* Build configuration list for PBXProject "WindowManager" */;
			developmentRegion = en;
			hasScannedForEncodings = 0;
			knownRegions = (
				Base,
				en,
			);
			mainGroup = D66816169BB8F336243C04A8;
			minimizedProjectReferenceProxies = 1;
			preferredProjectObjectVersion = 77;
			productRefGroup = EA6A7E8FA5F86CA7ED6A46D3 /* Products */;
			projectDirPath = "";
			projectRoot = "";
			targets = (
				A9176160CCF7A5A291824807 /* WindowManager */,
			);
		};
/* End PBXProject section */

/* Begin PBXResourcesBuildPhase section */
		4A49509737EACF7DCF342AFC /* Resources */ = {
			isa = PBXResourcesBuildPhase;
			buildActionMask = 2147483647;
			files = (
				9BA398FF6FE55F97D156D7CB /* Assets.xcassets in Resources */,
			);
			runOnlyForDeploymentPostprocessing = 0;
		};
/* End PBXResourcesBuildPhase section */

/* Begin PBXSourcesBuildPhase section */
		945D25A25CE1444F44BA8745 /* Sources */ = {
			isa = PBXSourcesBuildPhase;
			buildActionMask = 2147483647;
			files = (
				DFEAF51E75DF2CDD359BFB21 /* AppDelegate.swift in Sources */,
				C6F6DD8804B0209EB0E7558E /* HotKeyManager.swift in Sources */,
				0ED043C1AE70CA6A97CCBC2B /* PreferencesView.swift in Sources */,
				C6684D355943FBA08DA4277A /* PreferencesWindowController.swift in Sources */,
				60E4A31756326D7F8B4FED99 /* ScreenUtils.swift in Sources */,
				9E19A21FCA93C37FB92B178D /* WindowMover.swift in Sources */,
				28D2156F123B8C4F5D2521FD /* main.swift in Sources */,
			);
			runOnlyForDeploymentPostprocessing = 0;
		};
/* End PBXSourcesBuildPhase section */

/* Begin XCBuildConfiguration section */
		130FB13FA6F6824DC9990337 /* Debug */ = {
			isa = XCBuildConfiguration;
			buildSettings = {
				ASSETCATALOG_COMPILER_APPICON_NAME = AppIcon;
				CODE_SIGNING_ALLOWED = YES;
				CODE_SIGNING_REQUIRED = NO;
				CODE_SIGN_ENTITLEMENTS = WindowManager.entitlements;
				CODE_SIGN_STYLE = Manual;
				COMBINE_HIDPI_IMAGES = YES;
				INFOPLIST_FILE = Resources/Info.plist;
				LD_RUNPATH_SEARCH_PATHS = (
					"$(inherited)",
					"@executable_path/../Frameworks",
				);
				PRODUCT_BUNDLE_IDENTIFIER = com.windowmanager.app;
				PRODUCT_NAME = WindowManager;
				SDKROOT = macosx;
			};
			name = Debug;
		};
		65ABE73891CBAF9AEA4F9604 /* Release */ = {
			isa = XCBuildConfiguration;
			buildSettings = {
				ALWAYS_SEARCH_USER_PATHS = NO;
				CLANG_ANALYZER_NONNULL = YES;
				CLANG_ANALYZER_NUMBER_OBJECT_CONVERSION = YES_AGGRESSIVE;
				CLANG_CXX_LANGUAGE_STANDARD = "gnu++14";
				CLANG_CXX_LIBRARY = "libc++";
				CLANG_ENABLE_MODULES = YES;
				CLANG_ENABLE_OBJC_ARC = YES;
				CLANG_ENABLE_OBJC_WEAK = YES;
				CLANG_WARN_BLOCK_CAPTURE_AUTORELEASING = YES;
				CLANG_WARN_BOOL_CONVERSION = YES;
				CLANG_WARN_COMMA = YES;
				CLANG_WARN_CONSTANT_CONVERSION = YES;
				CLANG_WARN_DEPRECATED_OBJC_IMPLEMENTATIONS = YES;
				CLANG_WARN_DIRECT_OBJC_ISA_USAGE = YES_ERROR;
				CLANG_WARN_DOCUMENTATION_COMMENTS = YES;
				CLANG_WARN_EMPTY_BODY = YES;
				CLANG_WARN_ENUM_CONVERSION = YES;
				CLANG_WARN_INFINITE_RECURSION = YES;
				CLANG_WARN_INT_CONVERSION = YES;
				CLANG_WARN_NON_LITERAL_NULL_CONVERSION = YES;
				CLANG_WARN_OBJC_IMPLICIT_RETAIN_SELF = YES;
				CLANG_WARN_OBJC_LITERAL_CONVERSION = YES;
				CLANG_WARN_OBJC_ROOT_CLASS = YES_ERROR;
				CLANG_WARN_QUOTED_INCLUDE_IN_FRAMEWORK_HEADER = YES;
				CLANG_WARN_RANGE_LOOP_ANALYSIS = YES;
				CLANG_WARN_STRICT_PROTOTYPES = YES;
				CLANG_WARN_SUSPICIOUS_MOVE = YES;
				CLANG_WARN_UNGUARDED_AVAILABILITY = YES_AGGRESSIVE;
				CLANG_WARN_UNREACHABLE_CODE = YES;
				CLANG_WARN__DUPLICATE_METHOD_MATCH = YES;
				COPY_PHASE_STRIP = NO;
				DEBUG_INFORMATION_FORMAT = "dwarf-with-dsym";
				ENABLE_NS_ASSERTIONS = NO;
				ENABLE_STRICT_OBJC_MSGSEND = YES;
				GCC_C_LANGUAGE_STANDARD = gnu11;
				GCC_NO_COMMON_BLOCKS = YES;
				GCC_WARN_64_TO_32_BIT_CONVERSION = YES;
				GCC_WARN_ABOUT_RETURN_TYPE = YES_ERROR;
				GCC_WARN_UNDECLARED_SELECTOR = YES;
				GCC_WARN_UNINITIALIZED_AUTOS = YES_AGGRESSIVE;
				GCC_WARN_UNUSED_FUNCTION = YES;
				GCC_WARN_UNUSED_VARIABLE = YES;
				MACOSX_DEPLOYMENT_TARGET = 14.0;
				MTL_ENABLE_DEBUG_INFO = NO;
				MTL_FAST_MATH = YES;
				PRODUCT_NAME = "$(TARGET_NAME)";
				SDKROOT = macosx;
				SWIFT_COMPILATION_MODE = wholemodule;
				SWIFT_OPTIMIZATION_LEVEL = "-O";
				SWIFT_VERSION = 5.9;
			};
			name = Release;
		};
		AC874345874F35D3A04E8B42 /* Release */ = {
			isa = XCBuildConfiguration;
			buildSettings = {
				ASSETCATALOG_COMPILER_APPICON_NAME = AppIcon;
				CODE_SIGNING_ALLOWED = YES;
				CODE_SIGNING_REQUIRED = NO;
				CODE_SIGN_ENTITLEMENTS = WindowManager.entitlements;
				CODE_SIGN_STYLE = Manual;
				COMBINE_HIDPI_IMAGES = YES;
				INFOPLIST_FILE = Resources/Info.plist;
				LD_RUNPATH_SEARCH_PATHS = (
					"$(inherited)",
					"@executable_path/../Frameworks",
				);
				PRODUCT_BUNDLE_IDENTIFIER = com.windowmanager.app;
				PRODUCT_NAME = WindowManager;
				SDKROOT = macosx;
			};
			name = Release;
		};
		DC9A8371079CC7A70F68CC22 /* Debug */ = {
			isa = XCBuildConfiguration;
			buildSettings = {
				ALWAYS_SEARCH_USER_PATHS = NO;
				CLANG_ANALYZER_NONNULL = YES;
				CLANG_ANALYZER_NUMBER_OBJECT_CONVERSION = YES_AGGRESSIVE;
				CLANG_CXX_LANGUAGE_STANDARD = "gnu++14";
				CLANG_CXX_LIBRARY = "libc++";
				CLANG_ENABLE_MODULES = YES;
				CLANG_ENABLE_OBJC_ARC = YES;
				CLANG_ENABLE_OBJC_WEAK = YES;
				CLANG_WARN_BLOCK_CAPTURE_AUTORELEASING = YES;
				CLANG_WARN_BOOL_CONVERSION = YES;
				CLANG_WARN_COMMA = YES;
				CLANG_WARN_CONSTANT_CONVERSION = YES;
				CLANG_WARN_DEPRECATED_OBJC_IMPLEMENTATIONS = YES;
				CLANG_WARN_DIRECT_OBJC_ISA_USAGE = YES_ERROR;
				CLANG_WARN_DOCUMENTATION_COMMENTS = YES;
				CLANG_WARN_EMPTY_BODY = YES;
				CLANG_WARN_ENUM_CONVERSION = YES;
				CLANG_WARN_INFINITE_RECURSION = YES;
				CLANG_WARN_INT_CONVERSION = YES;
				CLANG_WARN_NON_LITERAL_NULL_CONVERSION = YES;
				CLANG_WARN_OBJC_IMPLICIT_RETAIN_SELF = YES;
				CLANG_WARN_OBJC_LITERAL_CONVERSION = YES;
				CLANG_WARN_OBJC_ROOT_CLASS = YES_ERROR;
				CLANG_WARN_QUOTED_INCLUDE_IN_FRAMEWORK_HEADER = YES;
				CLANG_WARN_RANGE_LOOP_ANALYSIS = YES;
				CLANG_WARN_STRICT_PROTOTYPES = YES;
				CLANG_WARN_SUSPICIOUS_MOVE = YES;
				CLANG_WARN_UNGUARDED_AVAILABILITY = YES_AGGRESSIVE;
				CLANG_WARN_UNREACHABLE_CODE = YES;
				CLANG_WARN__DUPLICATE_METHOD_MATCH = YES;
				COPY_PHASE_STRIP = NO;
				DEBUG_INFORMATION_FORMAT = dwarf;
				ENABLE_STRICT_OBJC_MSGSEND = YES;
				ENABLE_TESTABILITY = YES;
				GCC_C_LANGUAGE_STANDARD = gnu11;
				GCC_DYNAMIC_NO_PIC = NO;
				GCC_NO_COMMON_BLOCKS = YES;
				GCC_OPTIMIZATION_LEVEL = 0;
				GCC_PREPROCESSOR_DEFINITIONS = (
					"$(inherited)",
					"DEBUG=1",
				);
				GCC_WARN_64_TO_32_BIT_CONVERSION = YES;
				GCC_WARN_ABOUT_RETURN_TYPE = YES_ERROR;
				GCC_WARN_UNDECLARED_SELECTOR = YES;
				GCC_WARN_UNINITIALIZED_AUTOS = YES_AGGRESSIVE;
				GCC_WARN_UNUSED_FUNCTION = YES;
				GCC_WARN_UNUSED_VARIABLE = YES;
				MACOSX_DEPLOYMENT_TARGET = 14.0;
				MTL_ENABLE_DEBUG_INFO = INCLUDE_SOURCE;
				MTL_FAST_MATH = YES;
				ONLY_ACTIVE_ARCH = YES;
				PRODUCT_NAME = "$(TARGET_NAME)";
				SDKROOT = macosx;
				SWIFT_ACTIVE_COMPILATION_CONDITIONS = DEBUG;
				SWIFT_OPTIMIZATION_LEVEL = "-Onone";
				SWIFT_VERSION = 5.9;
			};
			name = Debug;
		};
/* End XCBuildConfiguration section */

/* Begin XCConfigurationList section */
		29A851A0AA0F3B41F207C54E /* Build configuration list for PBXNativeTarget "WindowManager" */ = {
			isa = XCConfigurationList;
			buildConfigurations = (
				130FB13FA6F6824DC9990337 /* Debug */,
				AC874345874F35D3A04E8B42 /* Release */,
			);
			defaultConfigurationIsVisible = 0;
			defaultConfigurationName = Debug;
		};
		85ECCEE592594254556CEE55 /* Build configuration list for PBXProject "WindowManager" */ = {
			isa = XCConfigurationList;
			buildConfigurations = (
				DC9A8371079CC7A70F68CC22 /* Debug */,
				65ABE73891CBAF9AEA4F9604 /* Release */,
			);
			defaultConfigurationIsVisible = 0;
			defaultConfigurationName = Debug;
		};
/* End XCConfigurationList section */
	};
	rootObject = 1AAE42E07B9E6D4319E66D9C /* Project object */;
}
